
Microsoft Visual Studio Solution File, Format Version 12.00
# Visual Studio 14
VisualStudioVersion = 14.0.24720.0
MinimumVisualStudioVersion = 10.0.40219.1
Project("{2150E333-8FDC-42A3-9474-1A3956D46DE8}") = "0 - Presentation", "0 - Presentation", "{4C67DB58-1CAA-41E1-A0A5-DFEFA80D6F67}"
EndProject
Project("{2150E333-8FDC-42A3-9474-1A3956D46DE8}") = "1 - Services", "1 - Services", "{280B3A11-6B37-4C1B-8899-6CD366141F88}"
EndProject
Project("{2150E333-8FDC-42A3-9474-1A3956D46DE8}") = "2 - Application", "2 - Application", "{749CB9CE-3BF2-4FE6-979D-73AF09618F73}"
EndProject
Project("{2150E333-8FDC-42A3-9474-1A3956D46DE8}") = "3 - Domain", "3 - Domain", "{C836285E-D7B4-4D1A-BAC8-6E7F4ECDE903}"
EndProject
Project("{2150E333-8FDC-42A3-9474-1A3956D46DE8}") = "4 - Infra", "4 - Infra", "{FC410048-A0A1-42E9-9EA2-9966AC910290}"
EndProject
Project("{2150E333-8FDC-42A3-9474-1A3956D46DE8}") = "4.1 - InfraData", "4.1 - InfraData", "{7FE22306-4A9C-4365-847D-A9763C6CFA7D}"
EndProject
Project("{2150E333-8FDC-42A3-9474-1A3956D46DE8}") = "4.2 - CrossCutting", "4.2 - CrossCutting", "{ABD598FC-B899-4125-8D1C-04B81A58A693}"
EndProject
Project("{FAE04EC0-301F-11D3-BF4B-00C04F79EFBC}") = "ProjetoModeloDDD.Domain", "ProjetoModeloDDD.Domain\ProjetoModeloDDD.Domain.csproj", "{61AB4989-01D4-4314-A178-FD659F42E449}"
EndProject
Project("{FAE04EC0-301F-11D3-BF4B-00C04F79EFBC}") = "ProjetoModeloDDD.Infra.Data", "ProjetoModeloDDD.Infra.Data\ProjetoModeloDDD.Infra.Data.csproj", "{C958C2B6-9031-4706-A6CD-1FFAC596D138}"
EndProject
Project("{FAE04EC0-301F-11D3-BF4B-00C04F79EFBC}") = "ProjetoModeloDDD.Application", "ProjetoModeloDDD.Application\ProjetoModeloDDD.Application.csproj", "{3C5D754F-BB9F-4410-BEBC-B0C88C5948A2}"
EndProject
Project("{FAE04EC0-301F-11D3-BF4B-00C04F79EFBC}") = "ProjetoModeloDDD.WebApi", "ProjetoModeloDDD.WebApi\ProjetoModeloDDD.WebApi.csproj", "{592126F0-B088-4804-8C27-3A1DB53EA9F7}"
EndProject
Project("{FAE04EC0-301F-11D3-BF4B-00C04F79EFBC}") = "ProjetoModeloDDD.IoC", "ProjetoModeloDDD.IoC\ProjetoModeloDDD.IoC.csproj", "{BC8E2638-01CC-448E-B304-D83845E21197}"
EndProject
Project("{2150E333-8FDC-42A3-9474-1A3956D46DE8}") = "5 - Tests", "5 - Tests", "{311529B8-F13E-4D9E-88B0-B54712B4C4CF}"
EndProject
Project("{FAE04EC0-301F-11D3-BF4B-00C04F79EFBC}") = "ProjetoDDD.Infra.Tests", "ProjetoDDD.Infra.Tests\ProjetoDDD.Infra.Tests.csproj", "{16653C4C-F8B4-4818-9323-B0D4881A56A2}"
EndProject
Global
	GlobalSection(SolutionConfigurationPlatforms) = preSolution
		Debug|Any CPU = Debug|Any CPU
		Release|Any CPU = Release|Any CPU
	EndGlobalSection
	GlobalSection(ProjectConfigurationPlatforms) = postSolution
		{61AB4989-01D4-4314-A178-FD659F42E449}.Debug|Any CPU.ActiveCfg = Debug|Any CPU
		{61AB4989-01D4-4314-A178-FD659F42E449}.Debug|Any CPU.Build.0 = Debug|Any CPU
		{61AB4989-01D4-4314-A178-FD659F42E449}.Release|Any CPU.ActiveCfg = Release|Any CPU
		{61AB4989-01D4-4314-A178-FD659F42E449}.Release|Any CPU.Build.0 = Release|Any CPU
		{C958C2B6-9031-4706-A6CD-1FFAC596D138}.Debug|Any CPU.ActiveCfg = Debug|Any CPU
		{C958C2B6-9031-4706-A6CD-1FFAC596D138}.Debug|Any CPU.Build.0 = Debug|Any CPU
		{C958C2B6-9031-4706-A6CD-1FFAC596D138}.Release|Any CPU.ActiveCfg = Release|Any CPU
		{C958C2B6-9031-4706-A6CD-1FFAC596D138}.Release|Any CPU.Build.0 = Release|Any CPU
		{3C5D754F-BB9F-4410-BEBC-B0C88C5948A2}.Debug|Any CPU.ActiveCfg = Debug|Any CPU
		{3C5D754F-BB9F-4410-BEBC-B0C88C5948A2}.Debug|Any CPU.Build.0 = Debug|Any CPU
		{3C5D754F-BB9F-4410-BEBC-B0C88C5948A2}.Release|Any CPU.ActiveCfg = Release|Any CPU
		{3C5D754F-BB9F-4410-BEBC-B0C88C5948A2}.Release|Any CPU.Build.0 = Release|Any CPU
		{592126F0-B088-4804-8C27-3A1DB53EA9F7}.Debug|Any CPU.ActiveCfg = Debug|Any CPU
		{592126F0-B088-4804-8C27-3A1DB53EA9F7}.Debug|Any CPU.Build.0 = Debug|Any CPU
		{592126F0-B088-4804-8C27-3A1DB53EA9F7}.Release|Any CPU.ActiveCfg = Release|Any CPU
		{592126F0-B088-4804-8C27-3A1DB53EA9F7}.Release|Any CPU.Build.0 = Release|Any CPU
		{BC8E2638-01CC-448E-B304-D83845E21197}.Debug|Any CPU.ActiveCfg = Debug|Any CPU
		{BC8E2638-01CC-448E-B304-D83845E21197}.Debug|Any CPU.Build.0 = Debug|Any CPU
		{BC8E2638-01CC-448E-B304-D83845E21197}.Release|Any CPU.ActiveCfg = Release|Any CPU
		{BC8E2638-01CC-448E-B304-D83845E21197}.Release|Any CPU.Build.0 = Release|Any CPU
		{16653C4C-F8B4-4818-9323-B0D4881A56A2}.Debug|Any CPU.ActiveCfg = Debug|Any CPU
		{16653C4C-F8B4-4818-9323-B0D4881A56A2}.Debug|Any CPU.Build.0 = Debug|Any CPU
		{16653C4C-F8B4-4818-9323-B0D4881A56A2}.Release|Any CPU.ActiveCfg = Release|Any CPU
		{16653C4C-F8B4-4818-9323-B0D4881A56A2}.Release|Any CPU.Build.0 = Release|Any CPU
	EndGlobalSection
	GlobalSection(SolutionProperties) = preSolution
		HideSolutionNode = FALSE
	EndGlobalSection
	GlobalSection(NestedProjects) = preSolution
		{61AB4989-01D4-4314-A178-FD659F42E449} = {C836285E-D7B4-4D1A-BAC8-6E7F4ECDE903}
		{C958C2B6-9031-4706-A6CD-1FFAC596D138} = {7FE22306-4A9C-4365-847D-A9763C6CFA7D}
		{3C5D754F-BB9F-4410-BEBC-B0C88C5948A2} = {749CB9CE-3BF2-4FE6-979D-73AF09618F73}
		{592126F0-B088-4804-8C27-3A1DB53EA9F7} = {4C67DB58-1CAA-41E1-A0A5-DFEFA80D6F67}
		{BC8E2638-01CC-448E-B304-D83845E21197} = {ABD598FC-B899-4125-8D1C-04B81A58A693}
		{16653C4C-F8B4-4818-9323-B0D4881A56A2} = {311529B8-F13E-4D9E-88B0-B54712B4C4CF}
	EndGlobalSection
	GlobalSection(ExtensibilityGlobals) = postSolution
		SolutionGuid = {9F839BDC-CCAA-46E8-A6DB-9B9072936156}
	EndGlobalSection
EndGlobal
